// !$*UTF8*$!
{
	archiveVersion = 1;
	classes = {
	};
	objectVersion = 50;
	objects = {

/* Begin PBXBuildFile section */
		A7C85DC023BCAEDA00DCEF99 /* AppDelegate.swift in Sources */ = {isa = PBXBuildFile; fileRef = A7C85DBF23BCAEDA00DCEF99 /* AppDelegate.swift */; };
		A7C85DC223BCAEDA00DCEF99 /* SceneDelegate.swift in Sources */ = {isa = PBXBuildFile; fileRef = A7C85DC123BCAEDA00DCEF99 /* SceneDelegate.swift */; };
		A7C85DC423BCAEDA00DCEF99 /* WeatherViewController.swift in Sources */ = {isa = PBXBuildFile; fileRef = A7C85DC323BCAEDA00DCEF99 /* WeatherViewController.swift */; };
		A7C85DC723BCAEDA00DCEF99 /* Main.storyboard in Resources */ = {isa = PBXBuildFile; fileRef = A7C85DC523BCAEDA00DCEF99 /* Main.storyboard */; };
		A7C85DC923BCAEDB00DCEF99 /* Assets.xcassets in Resources */ = {isa = PBXBuildFile; fileRef = A7C85DC823BCAEDB00DCEF99 /* Assets.xcassets */; };
		A7C85DCC23BCAEDB00DCEF99 /* LaunchScreen.storyboard in Resources */ = {isa = PBXBuildFile; fileRef = A7C85DCA23BCAEDB00DCEF99 /* LaunchScreen.storyboard */; };
		A7D95FC723BCC524004CFCAB /* Overpass-Regular.ttf in Resources */ = {isa = PBXBuildFile; fileRef = A7D95FC623BCC524004CFCAB /* Overpass-Regular.ttf */; };
		A7D95FC923BCC52D004CFCAB /* Overpass-Bold.ttf in Resources */ = {isa = PBXBuildFile; fileRef = A7D95FC823BCC52D004CFCAB /* Overpass-Bold.ttf */; };
		A7D95FCE23BCE5BB004CFCAB /* WeatherManager.swift in Sources */ = {isa = PBXBuildFile; fileRef = A7D95FCD23BCE5BB004CFCAB /* WeatherManager.swift */; };
		A7D95FD023BCE87F004CFCAB /* WeatherData.swift in Sources */ = {isa = PBXBuildFile; fileRef = A7D95FCF23BCE87F004CFCAB /* WeatherData.swift */; };
		A7DD1E8023BCEB9800C7C65C /* WeatherModel.swift in Sources */ = {isa = PBXBuildFile; fileRef = A7DD1E7F23BCEB9800C7C65C /* WeatherModel.swift */; };
		A7DD1E8223BCEBFA00C7C65C /* ForcastModel.swift in Sources */ = {isa = PBXBuildFile; fileRef = A7DD1E8123BCEBFA00C7C65C /* ForcastModel.swift */; };
/* End PBXBuildFile section */

/* Begin PBXFileReference section */
		A7C85DBC23BCAEDA00DCEF99 /* Cloudy.app */ = {isa = PBXFileReference; explicitFileType = wrapper.application; includeInIndex = 0; path = Cloudy.app; sourceTree = BUILT_PRODUCTS_DIR; };
		A7C85DBF23BCAEDA00DCEF99 /* AppDelegate.swift */ = {isa = PBXFileReference; lastKnownFileType = sourcecode.swift; path = AppDelegate.swift; sourceTree = "<group>"; };
		A7C85DC123BCAEDA00DCEF99 /* SceneDelegate.swift */ = {isa = PBXFileReference; lastKnownFileType = sourcecode.swift; path = SceneDelegate.swift; sourceTree = "<group>"; };
		A7C85DC323BCAEDA00DCEF99 /* WeatherViewController.swift */ = {isa = PBXFileReference; lastKnownFileType = sourcecode.swift; path = WeatherViewController.swift; sourceTree = "<group>"; };
		A7C85DC623BCAEDA00DCEF99 /* Base */ = {isa = PBXFileReference; lastKnownFileType = file.storyboard; name = Base; path = Base.lproj/Main.storyboard; sourceTree = "<group>"; };
		A7C85DC823BCAEDB00DCEF99 /* Assets.xcassets */ = {isa = PBXFileReference; lastKnownFileType = folder.assetcatalog; path = Assets.xcassets; sourceTree = "<group>"; };
		A7C85DCB23BCAEDB00DCEF99 /* Base */ = {isa = PBXFileReference; lastKnownFileType = file.storyboard; name = Base; path = Base.lproj/LaunchScreen.storyboard; sourceTree = "<group>"; };
		A7C85DCD23BCAEDB00DCEF99 /* Info.plist */ = {isa = PBXFileReference; lastKnownFileType = text.plist.xml; path = Info.plist; sourceTree = "<group>"; };
		A7D95FC623BCC524004CFCAB /* Overpass-Regular.ttf */ = {isa = PBXFileReference; lastKnownFileType = file; path = "Overpass-Regular.ttf"; sourceTree = "<group>"; };
		A7D95FC823BCC52D004CFCAB /* Overpass-Bold.ttf */ = {isa = PBXFileReference; lastKnownFileType = file; path = "Overpass-Bold.ttf"; sourceTree = "<group>"; };
		A7D95FCD23BCE5BB004CFCAB /* WeatherManager.swift */ = {isa = PBXFileReference; lastKnownFileType = sourcecode.swift; path = WeatherManager.swift; sourceTree = "<group>"; };
		A7D95FCF23BCE87F004CFCAB /* WeatherData.swift */ = {isa = PBXFileReference; lastKnownFileType = sourcecode.swift; path = WeatherData.swift; sourceTree = "<group>"; };
		A7DD1E7F23BCEB9800C7C65C /* WeatherModel.swift */ = {isa = PBXFileReference; lastKnownFileType = sourcecode.swift; path = WeatherModel.swift; sourceTree = "<group>"; };
		A7DD1E8123BCEBFA00C7C65C /* ForcastModel.swift */ = {isa = PBXFileReference; lastKnownFileType = sourcecode.swift; path = ForcastModel.swift; sourceTree = "<group>"; };
/* End PBXFileReference section */

/* Begin PBXFrameworksBuildPhase section */
		A7C85DB923BCAEDA00DCEF99 /* Frameworks */ = {
			isa = PBXFrameworksBuildPhase;
			buildActionMask = 2147483647;
			files = (
			);
			runOnlyForDeploymentPostprocessing = 0;
		};
/* End PBXFrameworksBuildPhase section */

/* Begin PBXGroup section */
		A7C85DB323BCAEDA00DCEF99 = {
			isa = PBXGroup;
			children = (
				A7C85DBE23BCAEDA00DCEF99 /* Cloudy */,
				A7D95FC523BCC4E4004CFCAB /* fonts */,
				A7C85DBD23BCAEDA00DCEF99 /* Products */,
			);
			sourceTree = "<group>";
		};
		A7C85DBD23BCAEDA00DCEF99 /* Products */ = {
			isa = PBXGroup;
			children = (
				A7C85DBC23BCAEDA00DCEF99 /* Cloudy.app */,
			);
			name = Products;
			sourceTree = "<group>";
		};
		A7C85DBE23BCAEDA00DCEF99 /* Cloudy */ = {
			isa = PBXGroup;
			children = (
				A7D95FCB23BCE476004CFCAB /* Model */,
				A7D95FCA23BCE46A004CFCAB /* View */,
				A7D95FCC23BCE484004CFCAB /* Controller */,
				A7C85DC123BCAEDA00DCEF99 /* SceneDelegate.swift */,
				A7C85DBF23BCAEDA00DCEF99 /* AppDelegate.swift */,
				A7C85DC823BCAEDB00DCEF99 /* Assets.xcassets */,
				A7C85DCD23BCAEDB00DCEF99 /* Info.plist */,
			);
			path = Cloudy;
			sourceTree = "<group>";
		};
		A7D95FC523BCC4E4004CFCAB /* fonts */ = {
			isa = PBXGroup;
			children = (
				A7D95FC623BCC524004CFCAB /* Overpass-Regular.ttf */,
				A7D95FC823BCC52D004CFCAB /* Overpass-Bold.ttf */,
			);
			path = fonts;
			sourceTree = "<group>";
		};
		A7D95FCA23BCE46A004CFCAB /* View */ = {
			isa = PBXGroup;
			children = (
				A7C85DC523BCAEDA00DCEF99 /* Main.storyboard */,
				A7C85DCA23BCAEDB00DCEF99 /* LaunchScreen.storyboard */,
			);
			path = View;
			sourceTree = "<group>";
		};
		A7D95FCB23BCE476004CFCAB /* Model */ = {
			isa = PBXGroup;
			children = (
				A7D95FCD23BCE5BB004CFCAB /* WeatherManager.swift */,
				A7D95FCF23BCE87F004CFCAB /* WeatherData.swift */,
				A7DD1E7F23BCEB9800C7C65C /* WeatherModel.swift */,
				A7DD1E8123BCEBFA00C7C65C /* ForcastModel.swift */,
			);
			path = Model;
			sourceTree = "<group>";
		};
		A7D95FCC23BCE484004CFCAB /* Controller */ = {
			isa = PBXGroup;
			children = (
				A7C85DC323BCAEDA00DCEF99 /* WeatherViewController.swift */,
			);
			path = Controller;
			sourceTree = "<group>";
		};
/* End PBXGroup section */

/* Begin PBXNativeTarget section */
		A7C85DBB23BCAEDA00DCEF99 /* Cloudy */ = {
			isa = PBXNativeTarget;
			buildConfigurationList = A7C85DD023BCAEDB00DCEF99 /* Build configuration list for PBXNativeTarget "Cloudy" */;
			buildPhases = (
				A7C85DB823BCAEDA00DCEF99 /* Sources */,
				A7C85DB923BCAEDA00DCEF99 /* Frameworks */,
				A7C85DBA23BCAEDA00DCEF99 /* Resources */,
			);
			buildRules = (
			);
			dependencies = (
			);
			name = Cloudy;
			productName = Cloudy;
			productReference = A7C85DBC23BCAEDA00DCEF99 /* Cloudy.app */;
			productType = "com.apple.product-type.application";
		};
/* End PBXNativeTarget section */

/* Begin PBXProject section */
		A7C85DB423BCAEDA00DCEF99 /* Project object */ = {
			isa = PBXProject;
			attributes = {
				LastSwiftUpdateCheck = 1130;
				LastUpgradeCheck = 1130;
				ORGANIZATIONNAME = "Maximilián Harazin";
				TargetAttributes = {
					A7C85DBB23BCAEDA00DCEF99 = {
						CreatedOnToolsVersion = 11.3;
					};
				};
			};
			buildConfigurationList = A7C85DB723BCAEDA00DCEF99 /* Build configuration list for PBXProject "Cloudy" */;
			compatibilityVersion = "Xcode 9.3";
			developmentRegion = en;
			hasScannedForEncodings = 0;
			knownRegions = (
				en,
				Base,
			);
			mainGroup = A7C85DB323BCAEDA00DCEF99;
			productRefGroup = A7C85DBD23BCAEDA00DCEF99 /* Products */;
			projectDirPath = "";
			projectRoot = "";
			targets = (
				A7C85DBB23BCAEDA00DCEF99 /* Cloudy */,
			);
		};
/* End PBXProject section */

/* Begin PBXResourcesBuildPhase section */
		A7C85DBA23BCAEDA00DCEF99 /* Resources */ = {
			isa = PBXResourcesBuildPhase;
			buildActionMask = 2147483647;
			files = (
				A7C85DCC23BCAEDB00DCEF99 /* LaunchScreen.storyboard in Resources */,
				A7C85DC923BCAEDB00DCEF99 /* Assets.xcassets in Resources */,
				A7D95FC923BCC52D004CFCAB /* Overpass-Bold.ttf in Resources */,
				A7D95FC723BCC524004CFCAB /* Overpass-Regular.ttf in Resources */,
				A7C85DC723BCAEDA00DCEF99 /* Main.storyboard in Resources */,
			);
			runOnlyForDeploymentPostprocessing = 0;
		};
/* End PBXResourcesBuildPhase section */

/* Begin PBXSourcesBuildPhase section */
		A7C85DB823BCAEDA00DCEF99 /* Sources */ = {
			isa = PBXSourcesBuildPhase;
			buildActionMask = 2147483647;
			files = (
				A7C85DC423BCAEDA00DCEF99 /* WeatherViewController.swift in Sources */,
				A7D95FD023BCE87F004CFCAB /* WeatherData.swift in Sources */,
				A7C85DC023BCAEDA00DCEF99 /* AppDelegate.swift in Sources */,
				A7D95FCE23BCE5BB004CFCAB /* WeatherManager.swift in Sources */,
				A7DD1E8023BCEB9800C7C65C /* WeatherModel.swift in Sources */,
				A7DD1E8223BCEBFA00C7C65C /* ForcastModel.swift in Sources */,
				A7C85DC223BCAEDA00DCEF99 /* SceneDelegate.swift in Sources */,
			);
			runOnlyForDeploymentPostprocessing = 0;
		};
/* End PBXSourcesBuildPhase section */

/* Begin PBXVariantGroup section */
		A7C85DC523BCAEDA00DCEF99 /* Main.storyboard */ = {
			isa = PBXVariantGroup;
			children = (
				A7C85DC623BCAEDA00DCEF99 /* Base */,
			);
			name = Main.storyboard;
			sourceTree = "<group>";
		};
		A7C85DCA23BCAEDB00DCEF99 /* LaunchScreen.storyboard */ = {
			isa = PBXVariantGroup;
			children = (
				A7C85DCB23BCAEDB00DCEF99 /* Base */,
			);
			name = LaunchScreen.storyboard;
			sourceTree = "<group>";
		};
/* End PBXVariantGroup section */

/* Begin XCBuildConfiguration section */
		A7C85DCE23BCAEDB00DCEF99 /* Debug */ = {
			isa = XCBuildConfiguration;
			buildSettings = {
				ALWAYS_SEARCH_USER_PATHS = NO;
				CLANG_ANALYZER_NONNULL = YES;
				CLANG_ANALYZER_NUMBER_OBJECT_CONVERSION = YES_AGGRESSIVE;
				CLANG_CXX_LANGUAGE_STANDARD = "gnu++14";
				CLANG_CXX_LIBRARY = "libc++";
				CLANG_ENABLE_MODULES = YES;
				CLANG_ENABLE_OBJC_ARC = YES;
				CLANG_ENABLE_OBJC_WEAK = YES;
				CLANG_WARN_BLOCK_CAPTURE_AUTORELEASING = YES;
				CLANG_WARN_BOOL_CONVERSION = YES;
				CLANG_WARN_COMMA = YES;
				CLANG_WARN_CONSTANT_CONVERSION = YES;
				CLANG_WARN_DEPRECATED_OBJC_IMPLEMENTATIONS = YES;
				CLANG_WARN_DIRECT_OBJC_ISA_USAGE = YES_ERROR;
				CLANG_WARN_DOCUMENTATION_COMMENTS = YES;
				CLANG_WARN_EMPTY_BODY = YES;
				CLANG_WARN_ENUM_CONVERSION = YES;
				CLANG_WARN_INFINITE_RECURSION = YES;
				CLANG_WARN_INT_CONVERSION = YES;
				CLANG_WARN_NON_LITERAL_NULL_CONVERSION = YES;
				CLANG_WARN_OBJC_IMPLICIT_RETAIN_SELF = YES;
				CLANG_WARN_OBJC_LITERAL_CONVERSION = YES;
				CLANG_WARN_OBJC_ROOT_CLASS = YES_ERROR;
				CLANG_WARN_RANGE_LOOP_ANALYSIS = YES;
				CLANG_WARN_STRICT_PROTOTYPES = YES;
				CLANG_WARN_SUSPICIOUS_MOVE = YES;
				CLANG_WARN_UNGUARDED_AVAILABILITY = YES_AGGRESSIVE;
				CLANG_WARN_UNREACHABLE_CODE = YES;
				CLANG_WARN__DUPLICATE_METHOD_MATCH = YES;
				COPY_PHASE_STRIP = NO;
				DEBUG_INFORMATION_FORMAT = dwarf;
				ENABLE_STRICT_OBJC_MSGSEND = YES;
				ENABLE_TESTABILITY = YES;
				GCC_C_LANGUAGE_STANDARD = gnu11;
				GCC_DYNAMIC_NO_PIC = NO;
				GCC_NO_COMMON_BLOCKS = YES;
				GCC_OPTIMIZATION_LEVEL = 0;
				GCC_PREPROCESSOR_DEFINITIONS = (
					"DEBUG=1",
					"$(inherited)",
				);
				GCC_WARN_64_TO_32_BIT_CONVERSION = YES;
				GCC_WARN_ABOUT_RETURN_TYPE = YES_ERROR;
				GCC_WARN_UNDECLARED_SELECTOR = YES;
				GCC_WARN_UNINITIALIZED_AUTOS = YES_AGGRESSIVE;
				GCC_WARN_UNUSED_FUNCTION = YES;
				GCC_WARN_UNUSED_VARIABLE = YES;
				IPHONEOS_DEPLOYMENT_TARGET = 13.2;
				MTL_ENABLE_DEBUG_INFO = INCLUDE_SOURCE;
				MTL_FAST_MATH = YES;
				ONLY_ACTIVE_ARCH = YES;
				SDKROOT = iphoneos;
				SWIFT_ACTIVE_COMPILATION_CONDITIONS = DEBUG;
				SWIFT_OPTIMIZATION_LEVEL = "-Onone";
			};
			name = Debug;
		};
		A7C85DCF23BCAEDB00DCEF99 /* Release */ = {
			isa = XCBuildConfiguration;
			buildSettings = {
				ALWAYS_SEARCH_USER_PATHS = NO;
				CLANG_ANALYZER_NONNULL = YES;
				CLANG_ANALYZER_NUMBER_OBJECT_CONVERSION = YES_AGGRESSIVE;
				CLANG_CXX_LANGUAGE_STANDARD = "gnu++14";
				CLANG_CXX_LIBRARY = "libc++";
				CLANG_ENABLE_MODULES = YES;
				CLANG_ENABLE_OBJC_ARC = YES;
				CLANG_ENABLE_OBJC_WEAK = YES;
				CLANG_WARN_BLOCK_CAPTURE_AUTORELEASING = YES;
				CLANG_WARN_BOOL_CONVERSION = YES;
				CLANG_WARN_COMMA = YES;
				CLANG_WARN_CONSTANT_CONVERSION = YES;
				CLANG_WARN_DEPRECATED_OBJC_IMPLEMENTATIONS = YES;
				CLANG_WARN_DIRECT_OBJC_ISA_USAGE = YES_ERROR;
				CLANG_WARN_DOCUMENTATION_COMMENTS = YES;
				CLANG_WARN_EMPTY_BODY = YES;
				CLANG_WARN_ENUM_CONVERSION = YES;
				CLANG_WARN_INFINITE_RECURSION = YES;
				CLANG_WARN_INT_CONVERSION = YES;
				CLANG_WARN_NON_LITERAL_NULL_CONVERSION = YES;
				CLANG_WARN_OBJC_IMPLICIT_RETAIN_SELF = YES;
				CLANG_WARN_OBJC_LITERAL_CONVERSION = YES;
				CLANG_WARN_OBJC_ROOT_CLASS = YES_ERROR;
				CLANG_WARN_RANGE_LOOP_ANALYSIS = YES;
				CLANG_WARN_STRICT_PROTOTYPES = YES;
				CLANG_WARN_SUSPICIOUS_MOVE = YES;
				CLANG_WARN_UNGUARDED_AVAILABILITY = YES_AGGRESSIVE;
				CLANG_WARN_UNREACHABLE_CODE = YES;
				CLANG_WARN__DUPLICATE_METHOD_MATCH = YES;
				COPY_PHASE_STRIP = NO;
				DEBUG_INFORMATION_FORMAT = "dwarf-with-dsym";
				ENABLE_NS_ASSERTIONS = NO;
				ENABLE_STRICT_OBJC_MSGSEND = YES;
				GCC_C_LANGUAGE_STANDARD = gnu11;
				GCC_NO_COMMON_BLOCKS = YES;
				GCC_WARN_64_TO_32_BIT_CONVERSION = YES;
				GCC_WARN_ABOUT_RETURN_TYPE = YES_ERROR;
				GCC_WARN_UNDECLARED_SELECTOR = YES;
				GCC_WARN_UNINITIALIZED_AUTOS = YES_AGGRESSIVE;
				GCC_WARN_UNUSED_FUNCTION = YES;
				GCC_WARN_UNUSED_VARIABLE = YES;
				IPHONEOS_DEPLOYMENT_TARGET = 13.2;
				MTL_ENABLE_DEBUG_INFO = NO;
				MTL_FAST_MATH = YES;
				SDKROOT = iphoneos;
				SWIFT_COMPILATION_MODE = wholemodule;
				SWIFT_OPTIMIZATION_LEVEL = "-O";
				VALIDATE_PRODUCT = YES;
			};
			name = Release;
		};
		A7C85DD123BCAEDB00DCEF99 /* Debug */ = {
			isa = XCBuildConfiguration;
			buildSettings = {
				ASSETCATALOG_COMPILER_APPICON_NAME = AppIcon;
				CODE_SIGN_STYLE = Automatic;
				DEVELOPMENT_TEAM = JQWQ88AUV5;
				INFOPLIST_FILE = Cloudy/Info.plist;
				LD_RUNPATH_SEARCH_PATHS = (
					"$(inherited)",
					"@executable_path/Frameworks",
				);
				PRODUCT_BUNDLE_IDENTIFIER = harazin.Cloudy;
				PRODUCT_NAME = "$(TARGET_NAME)";
				SWIFT_VERSION = 5.0;
				TARGETED_DEVICE_FAMILY = "1,2";
			};
			name = Debug;
		};
		A7C85DD223BCAEDB00DCEF99 /* Release */ = {
			isa = XCBuildConfiguration;
			buildSettings = {
				ASSETCATALOG_COMPILER_APPICON_NAME = AppIcon;
				CODE_SIGN_STYLE = Automatic;
				DEVELOPMENT_TEAM = JQWQ88AUV5;
				INFOPLIST_FILE = Cloudy/Info.plist;
				LD_RUNPATH_SEARCH_PATHS = (
					"$(inherited)",
					"@executable_path/Frameworks",
				);
				PRODUCT_BUNDLE_IDENTIFIER = harazin.Cloudy;
				PRODUCT_NAME = "$(TARGET_NAME)";
				SWIFT_VERSION = 5.0;
				TARGETED_DEVICE_FAMILY = "1,2";
			};
			name = Release;
		};
/* End XCBuildConfiguration section */

/* Begin XCConfigurationList section */
		A7C85DB723BCAEDA00DCEF99 /* Build configuration list for PBXProject "Cloudy" */ = {
			isa = XCConfigurationList;
			buildConfigurations = (
				A7C85DCE23BCAEDB00DCEF99 /* Debug */,
				A7C85DCF23BCAEDB00DCEF99 /* Release */,
			);
			defaultConfigurationIsVisible = 0;
			defaultConfigurationName = Release;
		};
		A7C85DD023BCAEDB00DCEF99 /* Build configuration list for PBXNativeTarget "Cloudy" */ = {
			isa = XCConfigurationList;
			buildConfigurations = (
				A7C85DD123BCAEDB00DCEF99 /* Debug */,
				A7C85DD223BCAEDB00DCEF99 /* Release */,
			);
			defaultConfigurationIsVisible = 0;
			defaultConfigurationName = Release;
		};
/* End XCConfigurationList section */
	};
	rootObject = A7C85DB423BCAEDA00DCEF99 /* Project object */;
}
